schema-version: 2
content-revision: "ws-content-r2"
manifest: "manifest.json"
manifest-sha256: "5e8bd7ec1f5d6334859502be2b54fe643fa92e374396c7b0712aa1c18c451020"
activation-policy: "NEW_RUN_ONLY"
story-revision: "ws-story-s1-r1"
budget-policy-revision: "budget-live-r2"
draw-revision: "draw-s1-r2"
rules-revision: "rules-s1-r2"
resource-pack-contract: "ws-rp-s1-r1"
strict-reference-check: true
reject-unknown-fields: true