schema-version: 2
content-revision: "ws-content-r2"
manifest: "manifest.json"
manifest-sha256: "87dba01db726685f2a2f6fae89f7b7f61403f77f05bd4e3e9a4336f5f70c89cd"
activation-policy: "NEW_RUN_ONLY"
story-revision: "ws-story-s1-r1"
budget-policy-revision: "budget-live-r2"
draw-revision: "draw-s1-r2"
rules-revision: "rules-s1-r2"
resource-pack-contract: "ws-rp-s1-r1"
strict-reference-check: true
reject-unknown-fields: true